
Microsoft Visual Studio Solution File, Format Version 12.00
# Visual Studio 2012
Project("{070BCB52-5A75-4F8C-A973-144AF0EAFCC9}") = "CordovaBootstrapKnockoutDemo", "CordovaBootstrapKnockoutDemo\CordovaBootstrapKnockoutDemo.iceproj", "{184B6251-AF52-42F8-BD1E-D555E2D5FA74}"
EndProject
Project("{2150E333-8FDC-42A3-9474-1A3956D46DE8}") = "Solution Items", "Solution Items", "{35CB9017-CAC7-40C2-8BA4-79BCB1669AED}"
	ProjectSection(SolutionItems) = preProject
		JSLintOptions.xml = JSLintOptions.xml
	EndProjectSection
EndProject
Global
	GlobalSection(JSLint) = preSolution
		SolutionConfigurationLocation = JSLintOptions.xml
	EndGlobalSection
	GlobalSection(SolutionConfigurationPlatforms) = preSolution
		Debug|Any CPU = Debug|Any CPU
		Release|Any CPU = Release|Any CPU
	EndGlobalSection
	GlobalSection(ProjectConfigurationPlatforms) = postSolution
		{184B6251-AF52-42F8-BD1E-D555E2D5FA74}.Debug|Any CPU.ActiveCfg = Debug|Any CPU
		{184B6251-AF52-42F8-BD1E-D555E2D5FA74}.Debug|Any CPU.Build.0 = Debug|Any CPU
		{184B6251-AF52-42F8-BD1E-D555E2D5FA74}.Release|Any CPU.ActiveCfg = Release|Any CPU
		{184B6251-AF52-42F8-BD1E-D555E2D5FA74}.Release|Any CPU.Build.0 = Release|Any CPU
	EndGlobalSection
	GlobalSection(SolutionProperties) = preSolution
		HideSolutionNode = FALSE
	EndGlobalSection
EndGlobal
